// !$*UTF8*$!
{
	archiveVersion = 1;
	classes = {
	};
	objectVersion = 55;
	objects = {

/* Begin PBXBuildFile section */
		6C3C42282835FF7B00971236 /* CoordinatorProtocol.swift in Sources */ = {isa = PBXBuildFile; fileRef = 6C3C42272835FF7B00971236 /* CoordinatorProtocol.swift */; };
		6C3C422A2836008F00971236 /* HomeCoordinator.swift in Sources */ = {isa = PBXBuildFile; fileRef = 6C3C42292836008F00971236 /* HomeCoordinator.swift */; };
		6C3C42332836018D00971236 /* NativeNavigator.swift in Sources */ = {isa = PBXBuildFile; fileRef = 6C3C422F2836018D00971236 /* NativeNavigator.swift */; };
		6C3C42342836018D00971236 /* DeallocObserver.swift in Sources */ = {isa = PBXBuildFile; fileRef = 6C3C42302836018D00971236 /* DeallocObserver.swift */; };
		6C3C42352836018D00971236 /* Coordinator.swift in Sources */ = {isa = PBXBuildFile; fileRef = 6C3C42312836018D00971236 /* Coordinator.swift */; };
		6C3C42382836043100971236 /* UIViewControllerExt.swift in Sources */ = {isa = PBXBuildFile; fileRef = 6C3C42372836043100971236 /* UIViewControllerExt.swift */; };
		6C584E062836239700575053 /* VideoPicker.swift in Sources */ = {isa = PBXBuildFile; fileRef = 6C584E052836239700575053 /* VideoPicker.swift */; };
		6C584E092836483600575053 /* VideoTrimVC.swift in Sources */ = {isa = PBXBuildFile; fileRef = 6C584E082836483600575053 /* VideoTrimVC.swift */; };
		6C584E0B2836486800575053 /* VideoTrimCoordinator.swift in Sources */ = {isa = PBXBuildFile; fileRef = 6C584E0A2836486800575053 /* VideoTrimCoordinator.swift */; };
		6C584E0E2836589D00575053 /* VideoPlayer.swift in Sources */ = {isa = PBXBuildFile; fileRef = 6C584E0D2836589D00575053 /* VideoPlayer.swift */; };
		6C5E9AF72835F83A00F25F13 /* AppDelegate.swift in Sources */ = {isa = PBXBuildFile; fileRef = 6C5E9AF62835F83A00F25F13 /* AppDelegate.swift */; };
		6C5E9AF92835F83A00F25F13 /* SceneDelegate.swift in Sources */ = {isa = PBXBuildFile; fileRef = 6C5E9AF82835F83A00F25F13 /* SceneDelegate.swift */; };
		6C5E9AFB2835F83A00F25F13 /* HomeVC.swift in Sources */ = {isa = PBXBuildFile; fileRef = 6C5E9AFA2835F83A00F25F13 /* HomeVC.swift */; };
		6C5E9AFE2835F83A00F25F13 /* Main.storyboard in Resources */ = {isa = PBXBuildFile; fileRef = 6C5E9AFC2835F83A00F25F13 /* Main.storyboard */; };
		6C5E9B002835F83B00F25F13 /* Assets.xcassets in Resources */ = {isa = PBXBuildFile; fileRef = 6C5E9AFF2835F83B00F25F13 /* Assets.xcassets */; };
		6C5E9B032835F83B00F25F13 /* LaunchScreen.storyboard in Resources */ = {isa = PBXBuildFile; fileRef = 6C5E9B012835F83B00F25F13 /* LaunchScreen.storyboard */; };
		6C5E9B0E2835F83B00F25F13 /* iOS_TestTests.swift in Sources */ = {isa = PBXBuildFile; fileRef = 6C5E9B0D2835F83B00F25F13 /* iOS_TestTests.swift */; };
		6C5E9B182835F83C00F25F13 /* iOS_TestUITests.swift in Sources */ = {isa = PBXBuildFile; fileRef = 6C5E9B172835F83C00F25F13 /* iOS_TestUITests.swift */; };
		6C5E9B1A2835F83C00F25F13 /* iOS_TestUITestsLaunchTests.swift in Sources */ = {isa = PBXBuildFile; fileRef = 6C5E9B192835F83C00F25F13 /* iOS_TestUITestsLaunchTests.swift */; };
		6C5E9B282835F88600F25F13 /* AppCoordinator.swift in Sources */ = {isa = PBXBuildFile; fileRef = 6C5E9B272835F88600F25F13 /* AppCoordinator.swift */; };
/* End PBXBuildFile section */

/* Begin PBXContainerItemProxy section */
		6C5E9B0A2835F83B00F25F13 /* PBXContainerItemProxy */ = {
			isa = PBXContainerItemProxy;
			containerPortal = 6C5E9AEB2835F83A00F25F13 /* Project object */;
			proxyType = 1;
			remoteGlobalIDString = 6C5E9AF22835F83A00F25F13;
			remoteInfo = iOS_Test;
		};
		6C5E9B142835F83C00F25F13 /* PBXContainerItemProxy */ = {
			isa = PBXContainerItemProxy;
			containerPortal = 6C5E9AEB2835F83A00F25F13 /* Project object */;
			proxyType = 1;
			remoteGlobalIDString = 6C5E9AF22835F83A00F25F13;
			remoteInfo = iOS_Test;
		};
/* End PBXContainerItemProxy section */

/* Begin PBXFileReference section */
		6C3C42272835FF7B00971236 /* CoordinatorProtocol.swift */ = {isa = PBXFileReference; lastKnownFileType = sourcecode.swift; path = CoordinatorProtocol.swift; sourceTree = "<group>"; };
		6C3C42292836008F00971236 /* HomeCoordinator.swift */ = {isa = PBXFileReference; lastKnownFileType = sourcecode.swift; path = HomeCoordinator.swift; sourceTree = "<group>"; };
		6C3C422F2836018D00971236 /* NativeNavigator.swift */ = {isa = PBXFileReference; fileEncoding = 4; lastKnownFileType = sourcecode.swift; path = NativeNavigator.swift; sourceTree = "<group>"; };
		6C3C42302836018D00971236 /* DeallocObserver.swift */ = {isa = PBXFileReference; fileEncoding = 4; lastKnownFileType = sourcecode.swift; path = DeallocObserver.swift; sourceTree = "<group>"; };
		6C3C42312836018D00971236 /* Coordinator.swift */ = {isa = PBXFileReference; fileEncoding = 4; lastKnownFileType = sourcecode.swift; path = Coordinator.swift; sourceTree = "<group>"; };
		6C3C42372836043100971236 /* UIViewControllerExt.swift */ = {isa = PBXFileReference; lastKnownFileType = sourcecode.swift; path = UIViewControllerExt.swift; sourceTree = "<group>"; };
		6C584E052836239700575053 /* VideoPicker.swift */ = {isa = PBXFileReference; lastKnownFileType = sourcecode.swift; path = VideoPicker.swift; sourceTree = "<group>"; };
		6C584E082836483600575053 /* VideoTrimVC.swift */ = {isa = PBXFileReference; lastKnownFileType = sourcecode.swift; path = VideoTrimVC.swift; sourceTree = "<group>"; };
		6C584E0A2836486800575053 /* VideoTrimCoordinator.swift */ = {isa = PBXFileReference; lastKnownFileType = sourcecode.swift; path = VideoTrimCoordinator.swift; sourceTree = "<group>"; };
		6C584E0D2836589D00575053 /* VideoPlayer.swift */ = {isa = PBXFileReference; lastKnownFileType = sourcecode.swift; path = VideoPlayer.swift; sourceTree = "<group>"; };
		6C5E9AF32835F83A00F25F13 /* iOS_Test.app */ = {isa = PBXFileReference; explicitFileType = wrapper.application; includeInIndex = 0; path = iOS_Test.app; sourceTree = BUILT_PRODUCTS_DIR; };
		6C5E9AF62835F83A00F25F13 /* AppDelegate.swift */ = {isa = PBXFileReference; lastKnownFileType = sourcecode.swift; path = AppDelegate.swift; sourceTree = "<group>"; };
		6C5E9AF82835F83A00F25F13 /* SceneDelegate.swift */ = {isa = PBXFileReference; lastKnownFileType = sourcecode.swift; path = SceneDelegate.swift; sourceTree = "<group>"; };
		6C5E9AFA2835F83A00F25F13 /* HomeVC.swift */ = {isa = PBXFileReference; lastKnownFileType = sourcecode.swift; path = HomeVC.swift; sourceTree = "<group>"; };
		6C5E9AFD2835F83A00F25F13 /* Base */ = {isa = PBXFileReference; lastKnownFileType = file.storyboard; name = Base; path = Base.lproj/Main.storyboard; sourceTree = "<group>"; };
		6C5E9AFF2835F83B00F25F13 /* Assets.xcassets */ = {isa = PBXFileReference; lastKnownFileType = folder.assetcatalog; path = Assets.xcassets; sourceTree = "<group>"; };
		6C5E9B022835F83B00F25F13 /* Base */ = {isa = PBXFileReference; lastKnownFileType = file.storyboard; name = Base; path = Base.lproj/LaunchScreen.storyboard; sourceTree = "<group>"; };
		6C5E9B042835F83B00F25F13 /* Info.plist */ = {isa = PBXFileReference; lastKnownFileType = text.plist.xml; path = Info.plist; sourceTree = "<group>"; };
		6C5E9B092835F83B00F25F13 /* iOS_TestTests.xctest */ = {isa = PBXFileReference; explicitFileType = wrapper.cfbundle; includeInIndex = 0; path = iOS_TestTests.xctest; sourceTree = BUILT_PRODUCTS_DIR; };
		6C5E9B0D2835F83B00F25F13 /* iOS_TestTests.swift */ = {isa = PBXFileReference; lastKnownFileType = sourcecode.swift; path = iOS_TestTests.swift; sourceTree = "<group>"; };
		6C5E9B132835F83C00F25F13 /* iOS_TestUITests.xctest */ = {isa = PBXFileReference; explicitFileType = wrapper.cfbundle; includeInIndex = 0; path = iOS_TestUITests.xctest; sourceTree = BUILT_PRODUCTS_DIR; };
		6C5E9B172835F83C00F25F13 /* iOS_TestUITests.swift */ = {isa = PBXFileReference; lastKnownFileType = sourcecode.swift; path = iOS_TestUITests.swift; sourceTree = "<group>"; };
		6C5E9B192835F83C00F25F13 /* iOS_TestUITestsLaunchTests.swift */ = {isa = PBXFileReference; lastKnownFileType = sourcecode.swift; path = iOS_TestUITestsLaunchTests.swift; sourceTree = "<group>"; };
		6C5E9B272835F88600F25F13 /* AppCoordinator.swift */ = {isa = PBXFileReference; lastKnownFileType = sourcecode.swift; path = AppCoordinator.swift; sourceTree = "<group>"; };
/* End PBXFileReference section */

/* Begin PBXFrameworksBuildPhase section */
		6C5E9AF02835F83A00F25F13 /* Frameworks */ = {
			isa = PBXFrameworksBuildPhase;
			buildActionMask = 2147483647;
			files = (
			);
			runOnlyForDeploymentPostprocessing = 0;
		};
		6C5E9B062835F83B00F25F13 /* Frameworks */ = {
			isa = PBXFrameworksBuildPhase;
			buildActionMask = 2147483647;
			files = (
			);
			runOnlyForDeploymentPostprocessing = 0;
		};
		6C5E9B102835F83B00F25F13 /* Frameworks */ = {
			isa = PBXFrameworksBuildPhase;
			buildActionMask = 2147483647;
			files = (
			);
			runOnlyForDeploymentPostprocessing = 0;
		};
/* End PBXFrameworksBuildPhase section */

/* Begin PBXGroup section */
		6C3C42252835FF3E00971236 /* Shared */ = {
			isa = PBXGroup;
			children = (
				6C3C42362836041300971236 /* Extension */,
				6C3C42262835FF5B00971236 /* Helper */,
			);
			path = Shared;
			sourceTree = "<group>";
		};
		6C3C42262835FF5B00971236 /* Helper */ = {
			isa = PBXGroup;
			children = (
				6C584E042836237A00575053 /* VideoPicker */,
				6C3C422D2836018D00971236 /* Coordinator */,
			);
			path = Helper;
			sourceTree = "<group>";
		};
		6C3C422D2836018D00971236 /* Coordinator */ = {
			isa = PBXGroup;
			children = (
				6C3C42272835FF7B00971236 /* CoordinatorProtocol.swift */,
				6C3C422F2836018D00971236 /* NativeNavigator.swift */,
				6C3C42302836018D00971236 /* DeallocObserver.swift */,
				6C3C42312836018D00971236 /* Coordinator.swift */,
			);
			path = Coordinator;
			sourceTree = "<group>";
		};
		6C3C42362836041300971236 /* Extension */ = {
			isa = PBXGroup;
			children = (
				6C3C42372836043100971236 /* UIViewControllerExt.swift */,
			);
			path = Extension;
			sourceTree = "<group>";
		};
		6C584E042836237A00575053 /* VideoPicker */ = {
			isa = PBXGroup;
			children = (
				6C584E052836239700575053 /* VideoPicker.swift */,
			);
			path = VideoPicker;
			sourceTree = "<group>";
		};
		6C584E07283647F900575053 /* VideoTriam */ = {
			isa = PBXGroup;
			children = (
				6C584E082836483600575053 /* VideoTrimVC.swift */,
				6C584E0A2836486800575053 /* VideoTrimCoordinator.swift */,
			);
			path = VideoTriam;
			sourceTree = "<group>";
		};
		6C584E0C283657C000575053 /* CustomViews */ = {
			isa = PBXGroup;
			children = (
				6C584E0D2836589D00575053 /* VideoPlayer.swift */,
			);
			path = CustomViews;
			sourceTree = "<group>";
		};
		6C5E9AEA2835F83A00F25F13 = {
			isa = PBXGroup;
			children = (
				6C5E9AF52835F83A00F25F13 /* iOS_Test */,
				6C5E9B0C2835F83B00F25F13 /* iOS_TestTests */,
				6C5E9B162835F83C00F25F13 /* iOS_TestUITests */,
				6C5E9AF42835F83A00F25F13 /* Products */,
			);
			sourceTree = "<group>";
		};
		6C5E9AF42835F83A00F25F13 /* Products */ = {
			isa = PBXGroup;
			children = (
				6C5E9AF32835F83A00F25F13 /* iOS_Test.app */,
				6C5E9B092835F83B00F25F13 /* iOS_TestTests.xctest */,
				6C5E9B132835F83C00F25F13 /* iOS_TestUITests.xctest */,
			);
			name = Products;
			sourceTree = "<group>";
		};
		6C5E9AF52835F83A00F25F13 /* iOS_Test */ = {
			isa = PBXGroup;
			children = (
				6C5E9B262835F86E00F25F13 /* App */,
				6C5E9B292835F89600F25F13 /* Sences */,
				6C5E9B2C2835F8ED00F25F13 /* Resources */,
				6C3C42252835FF3E00971236 /* Shared */,
			);
			path = iOS_Test;
			sourceTree = "<group>";
		};
		6C5E9B0C2835F83B00F25F13 /* iOS_TestTests */ = {
			isa = PBXGroup;
			children = (
				6C5E9B0D2835F83B00F25F13 /* iOS_TestTests.swift */,
			);
			path = iOS_TestTests;
			sourceTree = "<group>";
		};
		6C5E9B162835F83C00F25F13 /* iOS_TestUITests */ = {
			isa = PBXGroup;
			children = (
				6C5E9B172835F83C00F25F13 /* iOS_TestUITests.swift */,
				6C5E9B192835F83C00F25F13 /* iOS_TestUITestsLaunchTests.swift */,
			);
			path = iOS_TestUITests;
			sourceTree = "<group>";
		};
		6C5E9B262835F86E00F25F13 /* App */ = {
			isa = PBXGroup;
			children = (
				6C5E9AF62835F83A00F25F13 /* AppDelegate.swift */,
				6C5E9AF82835F83A00F25F13 /* SceneDelegate.swift */,
				6C5E9B272835F88600F25F13 /* AppCoordinator.swift */,
			);
			path = App;
			sourceTree = "<group>";
		};
		6C5E9B292835F89600F25F13 /* Sences */ = {
			isa = PBXGroup;
			children = (
				6C5E9B2B2835F8CA00F25F13 /* Views */,
				6C5E9B2A2835F8AD00F25F13 /* Home */,
				6C584E07283647F900575053 /* VideoTriam */,
			);
			path = Sences;
			sourceTree = "<group>";
		};
		6C5E9B2A2835F8AD00F25F13 /* Home */ = {
			isa = PBXGroup;
			children = (
				6C5E9AFA2835F83A00F25F13 /* HomeVC.swift */,
				6C3C42292836008F00971236 /* HomeCoordinator.swift */,
			);
			path = Home;
			sourceTree = "<group>";
		};
		6C5E9B2B2835F8CA00F25F13 /* Views */ = {
			isa = PBXGroup;
			children = (
				6C584E0C283657C000575053 /* CustomViews */,
				6C5E9AFC2835F83A00F25F13 /* Main.storyboard */,
			);
			path = Views;
			sourceTree = "<group>";
		};
		6C5E9B2C2835F8ED00F25F13 /* Resources */ = {
			isa = PBXGroup;
			children = (
				6C5E9B012835F83B00F25F13 /* LaunchScreen.storyboard */,
				6C5E9AFF2835F83B00F25F13 /* Assets.xcassets */,
				6C5E9B042835F83B00F25F13 /* Info.plist */,
			);
			path = Resources;
			sourceTree = "<group>";
		};
/* End PBXGroup section */

/* Begin PBXNativeTarget section */
		6C5E9AF22835F83A00F25F13 /* iOS_Test */ = {
			isa = PBXNativeTarget;
			buildConfigurationList = 6C5E9B1D2835F83C00F25F13 /* Build configuration list for PBXNativeTarget "iOS_Test" */;
			buildPhases = (
				6C5E9AEF2835F83A00F25F13 /* Sources */,
				6C5E9AF02835F83A00F25F13 /* Frameworks */,
				6C5E9AF12835F83A00F25F13 /* Resources */,
			);
			buildRules = (
			);
			dependencies = (
			);
			name = iOS_Test;
			productName = iOS_Test;
			productReference = 6C5E9AF32835F83A00F25F13 /* iOS_Test.app */;
			productType = "com.apple.product-type.application";
		};
		6C5E9B082835F83B00F25F13 /* iOS_TestTests */ = {
			isa = PBXNativeTarget;
			buildConfigurationList = 6C5E9B202835F83C00F25F13 /* Build configuration list for PBXNativeTarget "iOS_TestTests" */;
			buildPhases = (
				6C5E9B052835F83B00F25F13 /* Sources */,
				6C5E9B062835F83B00F25F13 /* Frameworks */,
				6C5E9B072835F83B00F25F13 /* Resources */,
			);
			buildRules = (
			);
			dependencies = (
				6C5E9B0B2835F83B00F25F13 /* PBXTargetDependency */,
			);
			name = iOS_TestTests;
			productName = iOS_TestTests;
			productReference = 6C5E9B092835F83B00F25F13 /* iOS_TestTests.xctest */;
			productType = "com.apple.product-type.bundle.unit-test";
		};
		6C5E9B122835F83B00F25F13 /* iOS_TestUITests */ = {
			isa = PBXNativeTarget;
			buildConfigurationList = 6C5E9B232835F83C00F25F13 /* Build configuration list for PBXNativeTarget "iOS_TestUITests" */;
			buildPhases = (
				6C5E9B0F2835F83B00F25F13 /* Sources */,
				6C5E9B102835F83B00F25F13 /* Frameworks */,
				6C5E9B112835F83B00F25F13 /* Resources */,
			);
			buildRules = (
			);
			dependencies = (
				6C5E9B152835F83C00F25F13 /* PBXTargetDependency */,
			);
			name = iOS_TestUITests;
			productName = iOS_TestUITests;
			productReference = 6C5E9B132835F83C00F25F13 /* iOS_TestUITests.xctest */;
			productType = "com.apple.product-type.bundle.ui-testing";
		};
/* End PBXNativeTarget section */

/* Begin PBXProject section */
		6C5E9AEB2835F83A00F25F13 /* Project object */ = {
			isa = PBXProject;
			attributes = {
				BuildIndependentTargetsInParallel = 1;
				LastSwiftUpdateCheck = 1340;
				LastUpgradeCheck = 1340;
				TargetAttributes = {
					6C5E9AF22835F83A00F25F13 = {
						CreatedOnToolsVersion = 13.4;
					};
					6C5E9B082835F83B00F25F13 = {
						CreatedOnToolsVersion = 13.4;
						TestTargetID = 6C5E9AF22835F83A00F25F13;
					};
					6C5E9B122835F83B00F25F13 = {
						CreatedOnToolsVersion = 13.4;
						TestTargetID = 6C5E9AF22835F83A00F25F13;
					};
				};
			};
			buildConfigurationList = 6C5E9AEE2835F83A00F25F13 /* Build configuration list for PBXProject "iOS_Test" */;
			compatibilityVersion = "Xcode 13.0";
			developmentRegion = en;
			hasScannedForEncodings = 0;
			knownRegions = (
				en,
				Base,
			);
			mainGroup = 6C5E9AEA2835F83A00F25F13;
			productRefGroup = 6C5E9AF42835F83A00F25F13 /* Products */;
			projectDirPath = "";
			projectRoot = "";
			targets = (
				6C5E9AF22835F83A00F25F13 /* iOS_Test */,
				6C5E9B082835F83B00F25F13 /* iOS_TestTests */,
				6C5E9B122835F83B00F25F13 /* iOS_TestUITests */,
			);
		};
/* End PBXProject section */

/* Begin PBXResourcesBuildPhase section */
		6C5E9AF12835F83A00F25F13 /* Resources */ = {
			isa = PBXResourcesBuildPhase;
			buildActionMask = 2147483647;
			files = (
				6C5E9B032835F83B00F25F13 /* LaunchScreen.storyboard in Resources */,
				6C5E9B002835F83B00F25F13 /* Assets.xcassets in Resources */,
				6C5E9AFE2835F83A00F25F13 /* Main.storyboard in Resources */,
			);
			runOnlyForDeploymentPostprocessing = 0;
		};
		6C5E9B072835F83B00F25F13 /* Resources */ = {
			isa = PBXResourcesBuildPhase;
			buildActionMask = 2147483647;
			files = (
			);
			runOnlyForDeploymentPostprocessing = 0;
		};
		6C5E9B112835F83B00F25F13 /* Resources */ = {
			isa = PBXResourcesBuildPhase;
			buildActionMask = 2147483647;
			files = (
			);
			runOnlyForDeploymentPostprocessing = 0;
		};
/* End PBXResourcesBuildPhase section */

/* Begin PBXSourcesBuildPhase section */
		6C5E9AEF2835F83A00F25F13 /* Sources */ = {
			isa = PBXSourcesBuildPhase;
			buildActionMask = 2147483647;
			files = (
				6C3C42382836043100971236 /* UIViewControllerExt.swift in Sources */,
				6C5E9B282835F88600F25F13 /* AppCoordinator.swift in Sources */,
				6C584E0B2836486800575053 /* VideoTrimCoordinator.swift in Sources */,
				6C5E9AFB2835F83A00F25F13 /* HomeVC.swift in Sources */,
				6C3C42282835FF7B00971236 /* CoordinatorProtocol.swift in Sources */,
				6C584E092836483600575053 /* VideoTrimVC.swift in Sources */,
				6C3C42342836018D00971236 /* DeallocObserver.swift in Sources */,
				6C3C42332836018D00971236 /* NativeNavigator.swift in Sources */,
				6C3C42352836018D00971236 /* Coordinator.swift in Sources */,
				6C5E9AF72835F83A00F25F13 /* AppDelegate.swift in Sources */,
				6C5E9AF92835F83A00F25F13 /* SceneDelegate.swift in Sources */,
				6C3C422A2836008F00971236 /* HomeCoordinator.swift in Sources */,
				6C584E062836239700575053 /* VideoPicker.swift in Sources */,
				6C584E0E2836589D00575053 /* VideoPlayer.swift in Sources */,
			);
			runOnlyForDeploymentPostprocessing = 0;
		};
		6C5E9B052835F83B00F25F13 /* Sources */ = {
			isa = PBXSourcesBuildPhase;
			buildActionMask = 2147483647;
			files = (
				6C5E9B0E2835F83B00F25F13 /* iOS_TestTests.swift in Sources */,
			);
			runOnlyForDeploymentPostprocessing = 0;
		};
		6C5E9B0F2835F83B00F25F13 /* Sources */ = {
			isa = PBXSourcesBuildPhase;
			buildActionMask = 2147483647;
			files = (
				6C5E9B1A2835F83C00F25F13 /* iOS_TestUITestsLaunchTests.swift in Sources */,
				6C5E9B182835F83C00F25F13 /* iOS_TestUITests.swift in Sources */,
			);
			runOnlyForDeploymentPostprocessing = 0;
		};
/* End PBXSourcesBuildPhase section */

/* Begin PBXTargetDependency section */
		6C5E9B0B2835F83B00F25F13 /* PBXTargetDependency */ = {
			isa = PBXTargetDependency;
			target = 6C5E9AF22835F83A00F25F13 /* iOS_Test */;
			targetProxy = 6C5E9B0A2835F83B00F25F13 /* PBXContainerItemProxy */;
		};
		6C5E9B152835F83C00F25F13 /* PBXTargetDependency */ = {
			isa = PBXTargetDependency;
			target = 6C5E9AF22835F83A00F25F13 /* iOS_Test */;
			targetProxy = 6C5E9B142835F83C00F25F13 /* PBXContainerItemProxy */;
		};
/* End PBXTargetDependency section */

/* Begin PBXVariantGroup section */
		6C5E9AFC2835F83A00F25F13 /* Main.storyboard */ = {
			isa = PBXVariantGroup;
			children = (
				6C5E9AFD2835F83A00F25F13 /* Base */,
			);
			name = Main.storyboard;
			sourceTree = "<group>";
		};
		6C5E9B012835F83B00F25F13 /* LaunchScreen.storyboard */ = {
			isa = PBXVariantGroup;
			children = (
				6C5E9B022835F83B00F25F13 /* Base */,
			);
			name = LaunchScreen.storyboard;
			sourceTree = "<group>";
		};
/* End PBXVariantGroup section */

/* Begin XCBuildConfiguration section */
		6C5E9B1B2835F83C00F25F13 /* Debug */ = {
			isa = XCBuildConfiguration;
			buildSettings = {
				ALWAYS_SEARCH_USER_PATHS = NO;
				CLANG_ANALYZER_NONNULL = YES;
				CLANG_ANALYZER_NUMBER_OBJECT_CONVERSION = YES_AGGRESSIVE;
				CLANG_CXX_LANGUAGE_STANDARD = "gnu++17";
				CLANG_ENABLE_MODULES = YES;
				CLANG_ENABLE_OBJC_ARC = YES;
				CLANG_ENABLE_OBJC_WEAK = YES;
				CLANG_WARN_BLOCK_CAPTURE_AUTORELEASING = YES;
				CLANG_WARN_BOOL_CONVERSION = YES;
				CLANG_WARN_COMMA = YES;
				CLANG_WARN_CONSTANT_CONVERSION = YES;
				CLANG_WARN_DEPRECATED_OBJC_IMPLEMENTATIONS = YES;
				CLANG_WARN_DIRECT_OBJC_ISA_USAGE = YES_ERROR;
				CLANG_WARN_DOCUMENTATION_COMMENTS = YES;
				CLANG_WARN_EMPTY_BODY = YES;
				CLANG_WARN_ENUM_CONVERSION = YES;
				CLANG_WARN_INFINITE_RECURSION = YES;
				CLANG_WARN_INT_CONVERSION = YES;
				CLANG_WARN_NON_LITERAL_NULL_CONVERSION = YES;
				CLANG_WARN_OBJC_IMPLICIT_RETAIN_SELF = YES;
				CLANG_WARN_OBJC_LITERAL_CONVERSION = YES;
				CLANG_WARN_OBJC_ROOT_CLASS = YES_ERROR;
				CLANG_WARN_QUOTED_INCLUDE_IN_FRAMEWORK_HEADER = YES;
				CLANG_WARN_RANGE_LOOP_ANALYSIS = YES;
				CLANG_WARN_STRICT_PROTOTYPES = YES;
				CLANG_WARN_SUSPICIOUS_MOVE = YES;
				CLANG_WARN_UNGUARDED_AVAILABILITY = YES_AGGRESSIVE;
				CLANG_WARN_UNREACHABLE_CODE = YES;
				CLANG_WARN__DUPLICATE_METHOD_MATCH = YES;
				COPY_PHASE_STRIP = NO;
				DEBUG_INFORMATION_FORMAT = dwarf;
				ENABLE_STRICT_OBJC_MSGSEND = YES;
				ENABLE_TESTABILITY = YES;
				GCC_C_LANGUAGE_STANDARD = gnu11;
				GCC_DYNAMIC_NO_PIC = NO;
				GCC_NO_COMMON_BLOCKS = YES;
				GCC_OPTIMIZATION_LEVEL = 0;
				GCC_PREPROCESSOR_DEFINITIONS = (
					"DEBUG=1",
					"$(inherited)",
				);
				GCC_WARN_64_TO_32_BIT_CONVERSION = YES;
				GCC_WARN_ABOUT_RETURN_TYPE = YES_ERROR;
				GCC_WARN_UNDECLARED_SELECTOR = YES;
				GCC_WARN_UNINITIALIZED_AUTOS = YES_AGGRESSIVE;
				GCC_WARN_UNUSED_FUNCTION = YES;
				GCC_WARN_UNUSED_VARIABLE = YES;
				IPHONEOS_DEPLOYMENT_TARGET = 15.5;
				MTL_ENABLE_DEBUG_INFO = INCLUDE_SOURCE;
				MTL_FAST_MATH = YES;
				ONLY_ACTIVE_ARCH = YES;
				SDKROOT = iphoneos;
				SWIFT_ACTIVE_COMPILATION_CONDITIONS = DEBUG;
				SWIFT_OPTIMIZATION_LEVEL = "-Onone";
			};
			name = Debug;
		};
		6C5E9B1C2835F83C00F25F13 /* Release */ = {
			isa = XCBuildConfiguration;
			buildSettings = {
				ALWAYS_SEARCH_USER_PATHS = NO;
				CLANG_ANALYZER_NONNULL = YES;
				CLANG_ANALYZER_NUMBER_OBJECT_CONVERSION = YES_AGGRESSIVE;
				CLANG_CXX_LANGUAGE_STANDARD = "gnu++17";
				CLANG_ENABLE_MODULES = YES;
				CLANG_ENABLE_OBJC_ARC = YES;
				CLANG_ENABLE_OBJC_WEAK = YES;
				CLANG_WARN_BLOCK_CAPTURE_AUTORELEASING = YES;
				CLANG_WARN_BOOL_CONVERSION = YES;
				CLANG_WARN_COMMA = YES;
				CLANG_WARN_CONSTANT_CONVERSION = YES;
				CLANG_WARN_DEPRECATED_OBJC_IMPLEMENTATIONS = YES;
				CLANG_WARN_DIRECT_OBJC_ISA_USAGE = YES_ERROR;
				CLANG_WARN_DOCUMENTATION_COMMENTS = YES;
				CLANG_WARN_EMPTY_BODY = YES;
				CLANG_WARN_ENUM_CONVERSION = YES;
				CLANG_WARN_INFINITE_RECURSION = YES;
				CLANG_WARN_INT_CONVERSION = YES;
				CLANG_WARN_NON_LITERAL_NULL_CONVERSION = YES;
				CLANG_WARN_OBJC_IMPLICIT_RETAIN_SELF = YES;
				CLANG_WARN_OBJC_LITERAL_CONVERSION = YES;
				CLANG_WARN_OBJC_ROOT_CLASS = YES_ERROR;
				CLANG_WARN_QUOTED_INCLUDE_IN_FRAMEWORK_HEADER = YES;
				CLANG_WARN_RANGE_LOOP_ANALYSIS = YES;
				CLANG_WARN_STRICT_PROTOTYPES = YES;
				CLANG_WARN_SUSPICIOUS_MOVE = YES;
				CLANG_WARN_UNGUARDED_AVAILABILITY = YES_AGGRESSIVE;
				CLANG_WARN_UNREACHABLE_CODE = YES;
				CLANG_WARN__DUPLICATE_METHOD_MATCH = YES;
				COPY_PHASE_STRIP = NO;
				DEBUG_INFORMATION_FORMAT = "dwarf-with-dsym";
				ENABLE_NS_ASSERTIONS = NO;
				ENABLE_STRICT_OBJC_MSGSEND = YES;
				GCC_C_LANGUAGE_STANDARD = gnu11;
				GCC_NO_COMMON_BLOCKS = YES;
				GCC_WARN_64_TO_32_BIT_CONVERSION = YES;
				GCC_WARN_ABOUT_RETURN_TYPE = YES_ERROR;
				GCC_WARN_UNDECLARED_SELECTOR = YES;
				GCC_WARN_UNINITIALIZED_AUTOS = YES_AGGRESSIVE;
				GCC_WARN_UNUSED_FUNCTION = YES;
				GCC_WARN_UNUSED_VARIABLE = YES;
				IPHONEOS_DEPLOYMENT_TARGET = 15.5;
				MTL_ENABLE_DEBUG_INFO = NO;
				MTL_FAST_MATH = YES;
				SDKROOT = iphoneos;
				SWIFT_COMPILATION_MODE = wholemodule;
				SWIFT_OPTIMIZATION_LEVEL = "-O";
				VALIDATE_PRODUCT = YES;
			};
			name = Release;
		};
		6C5E9B1E2835F83C00F25F13 /* Debug */ = {
			isa = XCBuildConfiguration;
			buildSettings = {
				ASSETCATALOG_COMPILER_APPICON_NAME = AppIcon;
				ASSETCATALOG_COMPILER_GLOBAL_ACCENT_COLOR_NAME = AccentColor;
				CODE_SIGN_STYLE = Automatic;
				CURRENT_PROJECT_VERSION = 1;
				DEVELOPMENT_TEAM = NNZ93T6W5N;
				GENERATE_INFOPLIST_FILE = YES;
				INFOPLIST_FILE = iOS_Test/Resources/Info.plist;
				INFOPLIST_KEY_UIApplicationSupportsIndirectInputEvents = YES;
				INFOPLIST_KEY_UILaunchStoryboardName = LaunchScreen;
				INFOPLIST_KEY_UIMainStoryboardFile = Main;
				INFOPLIST_KEY_UISupportedInterfaceOrientations = "";
				INFOPLIST_KEY_UISupportedInterfaceOrientations_iPad = "UIInterfaceOrientationPortrait UIInterfaceOrientationPortraitUpsideDown UIInterfaceOrientationLandscapeLeft UIInterfaceOrientationLandscapeRight";
				INFOPLIST_KEY_UISupportedInterfaceOrientations_iPhone = "UIInterfaceOrientationPortrait UIInterfaceOrientationLandscapeLeft UIInterfaceOrientationLandscapeRight";
				IPHONEOS_DEPLOYMENT_TARGET = 14.0;
				LD_RUNPATH_SEARCH_PATHS = (
					"$(inherited)",
					"@executable_path/Frameworks",
				);
				MARKETING_VERSION = 1.0;
				PRODUCT_BUNDLE_IDENTIFIER = "com.maya.iOS-Test";
				PRODUCT_NAME = "$(TARGET_NAME)";
				SWIFT_EMIT_LOC_STRINGS = YES;
				SWIFT_VERSION = 5.0;
				TARGETED_DEVICE_FAMILY = 1;
			};
			name = Debug;
		};
		6C5E9B1F2835F83C00F25F13 /* Release */ = {
			isa = XCBuildConfiguration;
			buildSettings = {
				ASSETCATALOG_COMPILER_APPICON_NAME = AppIcon;
				ASSETCATALOG_COMPILER_GLOBAL_ACCENT_COLOR_NAME = AccentColor;
				CODE_SIGN_STYLE = Automatic;
				CURRENT_PROJECT_VERSION = 1;
				DEVELOPMENT_TEAM = NNZ93T6W5N;
				GENERATE_INFOPLIST_FILE = YES;
				INFOPLIST_FILE = iOS_Test/Resources/Info.plist;
				INFOPLIST_KEY_UIApplicationSupportsIndirectInputEvents = YES;
				INFOPLIST_KEY_UILaunchStoryboardName = LaunchScreen;
				INFOPLIST_KEY_UIMainStoryboardFile = Main;
				INFOPLIST_KEY_UISupportedInterfaceOrientations = "";
				INFOPLIST_KEY_UISupportedInterfaceOrientations_iPad = "UIInterfaceOrientationPortrait UIInterfaceOrientationPortraitUpsideDown UIInterfaceOrientationLandscapeLeft UIInterfaceOrientationLandscapeRight";
				INFOPLIST_KEY_UISupportedInterfaceOrientations_iPhone = "UIInterfaceOrientationPortrait UIInterfaceOrientationLandscapeLeft UIInterfaceOrientationLandscapeRight";
				IPHONEOS_DEPLOYMENT_TARGET = 14.0;
				LD_RUNPATH_SEARCH_PATHS = (
					"$(inherited)",
					"@executable_path/Frameworks",
				);
				MARKETING_VERSION = 1.0;
				PRODUCT_BUNDLE_IDENTIFIER = "com.maya.iOS-Test";
				PRODUCT_NAME = "$(TARGET_NAME)";
				SWIFT_EMIT_LOC_STRINGS = YES;
				SWIFT_VERSION = 5.0;
				TARGETED_DEVICE_FAMILY = 1;
			};
			name = Release;
		};
		6C5E9B212835F83C00F25F13 /* Debug */ = {
			isa = XCBuildConfiguration;
			buildSettings = {
				ALWAYS_EMBED_SWIFT_STANDARD_LIBRARIES = YES;
				BUNDLE_LOADER = "$(TEST_HOST)";
				CODE_SIGN_STYLE = Automatic;
				CURRENT_PROJECT_VERSION = 1;
				DEVELOPMENT_TEAM = NNZ93T6W5N;
				GENERATE_INFOPLIST_FILE = YES;
				IPHONEOS_DEPLOYMENT_TARGET = 15.5;
				MARKETING_VERSION = 1.0;
				PRODUCT_BUNDLE_IDENTIFIER = "com.maya.iOS-TestTests";
				PRODUCT_NAME = "$(TARGET_NAME)";
				SWIFT_EMIT_LOC_STRINGS = NO;
				SWIFT_VERSION = 5.0;
				TARGETED_DEVICE_FAMILY = "1,2";
				TEST_HOST = "$(BUILT_PRODUCTS_DIR)/iOS_Test.app/iOS_Test";
			};
			name = Debug;
		};
		6C5E9B222835F83C00F25F13 /* Release */ = {
			isa = XCBuildConfiguration;
			buildSettings = {
				ALWAYS_EMBED_SWIFT_STANDARD_LIBRARIES = YES;
				BUNDLE_LOADER = "$(TEST_HOST)";
				CODE_SIGN_STYLE = Automatic;
				CURRENT_PROJECT_VERSION = 1;
				DEVELOPMENT_TEAM = NNZ93T6W5N;
				GENERATE_INFOPLIST_FILE = YES;
				IPHONEOS_DEPLOYMENT_TARGET = 15.5;
				MARKETING_VERSION = 1.0;
				PRODUCT_BUNDLE_IDENTIFIER = "com.maya.iOS-TestTests";
				PRODUCT_NAME = "$(TARGET_NAME)";
				SWIFT_EMIT_LOC_STRINGS = NO;
				SWIFT_VERSION = 5.0;
				TARGETED_DEVICE_FAMILY = "1,2";
				TEST_HOST = "$(BUILT_PRODUCTS_DIR)/iOS_Test.app/iOS_Test";
			};
			name = Release;
		};
		6C5E9B242835F83C00F25F13 /* Debug */ = {
			isa = XCBuildConfiguration;
			buildSettings = {
				ALWAYS_EMBED_SWIFT_STANDARD_LIBRARIES = YES;
				CODE_SIGN_STYLE = Automatic;
				CURRENT_PROJECT_VERSION = 1;
				DEVELOPMENT_TEAM = NNZ93T6W5N;
				GENERATE_INFOPLIST_FILE = YES;
				MARKETING_VERSION = 1.0;
				PRODUCT_BUNDLE_IDENTIFIER = "com.maya.iOS-TestUITests";
				PRODUCT_NAME = "$(TARGET_NAME)";
				SWIFT_EMIT_LOC_STRINGS = NO;
				SWIFT_VERSION = 5.0;
				TARGETED_DEVICE_FAMILY = "1,2";
				TEST_TARGET_NAME = iOS_Test;
			};
			name = Debug;
		};
		6C5E9B252835F83C00F25F13 /* Release */ = {
			isa = XCBuildConfiguration;
			buildSettings = {
				ALWAYS_EMBED_SWIFT_STANDARD_LIBRARIES = YES;
				CODE_SIGN_STYLE = Automatic;
				CURRENT_PROJECT_VERSION = 1;
				DEVELOPMENT_TEAM = NNZ93T6W5N;
				GENERATE_INFOPLIST_FILE = YES;
				MARKETING_VERSION = 1.0;
				PRODUCT_BUNDLE_IDENTIFIER = "com.maya.iOS-TestUITests";
				PRODUCT_NAME = "$(TARGET_NAME)";
				SWIFT_EMIT_LOC_STRINGS = NO;
				SWIFT_VERSION = 5.0;
				TARGETED_DEVICE_FAMILY = "1,2";
				TEST_TARGET_NAME = iOS_Test;
			};
			name = Release;
		};
/* End XCBuildConfiguration section */

/* Begin XCConfigurationList section */
		6C5E9AEE2835F83A00F25F13 /* Build configuration list for PBXProject "iOS_Test" */ = {
			isa = XCConfigurationList;
			buildConfigurations = (
				6C5E9B1B2835F83C00F25F13 /* Debug */,
				6C5E9B1C2835F83C00F25F13 /* Release */,
			);
			defaultConfigurationIsVisible = 0;
			defaultConfigurationName = Release;
		};
		6C5E9B1D2835F83C00F25F13 /* Build configuration list for PBXNativeTarget "iOS_Test" */ = {
			isa = XCConfigurationList;
			buildConfigurations = (
				6C5E9B1E2835F83C00F25F13 /* Debug */,
				6C5E9B1F2835F83C00F25F13 /* Release */,
			);
			defaultConfigurationIsVisible = 0;
			defaultConfigurationName = Release;
		};
		6C5E9B202835F83C00F25F13 /* Build configuration list for PBXNativeTarget "iOS_TestTests" */ = {
			isa = XCConfigurationList;
			buildConfigurations = (
				6C5E9B212835F83C00F25F13 /* Debug */,
				6C5E9B222835F83C00F25F13 /* Release */,
			);
			defaultConfigurationIsVisible = 0;
			defaultConfigurationName = Release;
		};
		6C5E9B232835F83C00F25F13 /* Build configuration list for PBXNativeTarget "iOS_TestUITests" */ = {
			isa = XCConfigurationList;
			buildConfigurations = (
				6C5E9B242835F83C00F25F13 /* Debug */,
				6C5E9B252835F83C00F25F13 /* Release */,
			);
			defaultConfigurationIsVisible = 0;
			defaultConfigurationName = Release;
		};
/* End XCConfigurationList section */
	};
	rootObject = 6C5E9AEB2835F83A00F25F13 /* Project object */;
}
